
Microsoft Visual Studio Solution File, Format Version 12.00
# Visual Studio Version 16
VisualStudioVersion = 16.0.32228.343
MinimumVisualStudioVersion = 10.0.40219.1
Project("{FAE04EC0-301F-11D3-BF4B-00C04F79EFBC}") = "FileUtility", "FileUtility.csproj", "{4BD8156F-015B-4EB4-9D9E-6E61689591DD}"
EndProject
Global
	GlobalSection(SolutionConfigurationPlatforms) = preSolution
		Debug|Any CPU = Debug|Any CPU
		Release|Any CPU = Release|Any CPU
	EndGlobalSection
	GlobalSection(ProjectConfigurationPlatforms) = postSolution
		{4BD8156F-015B-4EB4-9D9E-6E61689591DD}.Debug|Any CPU.ActiveCfg = Debug|Any CPU
		{4BD8156F-015B-4EB4-9D9E-6E61689591DD}.Debug|Any CPU.Build.0 = Debug|Any CPU
		{4BD8156F-015B-4EB4-9D9E-6E61689591DD}.Release|Any CPU.ActiveCfg = Release|Any CPU
		{4BD8156F-015B-4EB4-9D9E-6E61689591DD}.Release|Any CPU.Build.0 = Release|Any CPU
	EndGlobalSection
	GlobalSection(SolutionProperties) = preSolution
		HideSolutionNode = FALSE
	EndGlobalSection
	GlobalSection(ExtensibilityGlobals) = postSolution
		SolutionGuid = {AE582219-B7FE-46FA-94D4-1005E80AFCC8}
	EndGlobalSection
EndGlobal
